
Microsoft Visual Studio Solution File, Format Version 12.00
# Visual Studio Version 17
VisualStudioVersion = 17.8.34330.188
MinimumVisualStudioVersion = 10.0.40219.1
Project("{FAE04EC0-301F-11D3-BF4B-00C04F79EFBC}") = "Lab3DP", "Lab3DP.csproj", "{03D32A1C-9C09-4F8E-AC54-C0A2A1C3DDE1}"
EndProject
Global
	GlobalSection(SolutionConfigurationPlatforms) = preSolution
		Debug|Any CPU = Debug|Any CPU
		Release|Any CPU = Release|Any CPU
	EndGlobalSection
	GlobalSection(ProjectConfigurationPlatforms) = postSolution
		{03D32A1C-9C09-4F8E-AC54-C0A2A1C3DDE1}.Debug|Any CPU.ActiveCfg = Debug|Any CPU
		{03D32A1C-9C09-4F8E-AC54-C0A2A1C3DDE1}.Debug|Any CPU.Build.0 = Debug|Any CPU
		{03D32A1C-9C09-4F8E-AC54-C0A2A1C3DDE1}.Release|Any CPU.ActiveCfg = Release|Any CPU
		{03D32A1C-9C09-4F8E-AC54-C0A2A1C3DDE1}.Release|Any CPU.Build.0 = Release|Any CPU
	EndGlobalSection
	GlobalSection(SolutionProperties) = preSolution
		HideSolutionNode = FALSE
	EndGlobalSection
	GlobalSection(ExtensibilityGlobals) = postSolution
		SolutionGuid = {F371EF72-B338-450F-9A2F-D3B295298EDA}
	EndGlobalSection
EndGlobal
